// !$*UTF8*$!
{
	archiveVersion = 1;
	classes = {
	};
	objectVersion = 46;
	objects = {

/* Begin PBXBuildFile section */
		AD26E2F8181B002D0021BEE2 /* TOMTrackView.m in Sources */ = {isa = PBXBuildFile; fileRef = AD26E2F7181B002D0021BEE2 /* TOMTrackView.m */; };
		AD26E2FB181B129A0021BEE2 /* TOMImageStore.m in Sources */ = {isa = PBXBuildFile; fileRef = AD26E2FA181B129A0021BEE2 /* TOMImageStore.m */; };
		AD31BFA7182EED5800BCEE96 /* TOMViewSlider.m in Sources */ = {isa = PBXBuildFile; fileRef = AD31BFA6182EED5800BCEE96 /* TOMViewSlider.m */; };
		AD35F19018C65510006314E1 /* TOMOrganizerViewCell.m in Sources */ = {isa = PBXBuildFile; fileRef = AD35F18F18C65510006314E1 /* TOMOrganizerViewCell.m */; };
		AD45010C181191AE00E76DE0 /* TOMPointOnAMap.m in Sources */ = {isa = PBXBuildFile; fileRef = AD45010B181191AE00E76DE0 /* TOMPointOnAMap.m */; };
		AD45010F1811A77800E76DE0 /* TOMPomSet.m in Sources */ = {isa = PBXBuildFile; fileRef = AD45010E1811A77800E76DE0 /* TOMPomSet.m */; };
		AD4501131812E74100E76DE0 /* TOMPropertyViewController.m in Sources */ = {isa = PBXBuildFile; fileRef = AD4501111812E74100E76DE0 /* TOMPropertyViewController.m */; };
		AD4501141812E74100E76DE0 /* TOMPropertyViewController.xib in Resources */ = {isa = PBXBuildFile; fileRef = AD4501121812E74100E76DE0 /* TOMPropertyViewController.xib */; };
		AD6CD7E818244814005A0699 /* TOMDetailViewController.m in Sources */ = {isa = PBXBuildFile; fileRef = AD6CD7E618244814005A0699 /* TOMDetailViewController.m */; };
		AD6CD7E918244814005A0699 /* TOMDetailViewController.xib in Resources */ = {isa = PBXBuildFile; fileRef = AD6CD7E718244814005A0699 /* TOMDetailViewController.xib */; };
		AD6F03571857DCC700753144 /* ImageIO.framework in Frameworks */ = {isa = PBXBuildFile; fileRef = AD6F03561857DCC700753144 /* ImageIO.framework */; };
		AD6F03611858074F00753144 /* TOMPhotoAlbumViewController.m in Sources */ = {isa = PBXBuildFile; fileRef = AD6F035F1858074F00753144 /* TOMPhotoAlbumViewController.m */; };
		AD6F03621858074F00753144 /* TOMPhotoAlbumViewController.xib in Resources */ = {isa = PBXBuildFile; fileRef = AD6F03601858074F00753144 /* TOMPhotoAlbumViewController.xib */; };
		AD6F03661858A88900753144 /* TOMPhotoGroupViewController.m in Sources */ = {isa = PBXBuildFile; fileRef = AD6F03641858A88900753144 /* TOMPhotoGroupViewController.m */; };
		AD6F03671858A88900753144 /* TOMPhotoGroupViewController.xib in Resources */ = {isa = PBXBuildFile; fileRef = AD6F03651858A88900753144 /* TOMPhotoGroupViewController.xib */; };
		AD6F036C1858ADBA00753144 /* TOMPhotoGroupCell.m in Sources */ = {isa = PBXBuildFile; fileRef = AD6F036B1858ADBA00753144 /* TOMPhotoGroupCell.m */; };
		AD778D38181454A3008E1D06 /* TOMMapSet.m in Sources */ = {isa = PBXBuildFile; fileRef = AD778D37181454A3008E1D06 /* TOMMapSet.m */; };
		AD7BEC7E180E22910003187D /* Foundation.framework in Frameworks */ = {isa = PBXBuildFile; fileRef = AD7BEC7D180E22910003187D /* Foundation.framework */; };
		AD7BEC80180E22910003187D /* CoreGraphics.framework in Frameworks */ = {isa = PBXBuildFile; fileRef = AD7BEC7F180E22910003187D /* CoreGraphics.framework */; };
		AD7BEC82180E22910003187D /* UIKit.framework in Frameworks */ = {isa = PBXBuildFile; fileRef = AD7BEC81180E22910003187D /* UIKit.framework */; };
		AD7BEC84180E22910003187D /* CoreData.framework in Frameworks */ = {isa = PBXBuildFile; fileRef = AD7BEC83180E22910003187D /* CoreData.framework */; };
		AD7BEC8A180E22910003187D /* InfoPlist.strings in Resources */ = {isa = PBXBuildFile; fileRef = AD7BEC88180E22910003187D /* InfoPlist.strings */; };
		AD7BEC8C180E22910003187D /* main.m in Sources */ = {isa = PBXBuildFile; fileRef = AD7BEC8B180E22910003187D /* main.m */; };
		AD7BEC90180E22910003187D /* TOMAppDelegate.m in Sources */ = {isa = PBXBuildFile; fileRef = AD7BEC8F180E22910003187D /* TOMAppDelegate.m */; };
		AD7BEC93180E22910003187D /* Trails_On_a_Map.xcdatamodeld in Sources */ = {isa = PBXBuildFile; fileRef = AD7BEC91180E22910003187D /* Trails_On_a_Map.xcdatamodeld */; };
		AD7BEC95180E22910003187D /* Images.xcassets in Resources */ = {isa = PBXBuildFile; fileRef = AD7BEC94180E22910003187D /* Images.xcassets */; };
		AD7BEC9C180E22910003187D /* XCTest.framework in Frameworks */ = {isa = PBXBuildFile; fileRef = AD7BEC9B180E22910003187D /* XCTest.framework */; };
		AD7BEC9D180E22910003187D /* Foundation.framework in Frameworks */ = {isa = PBXBuildFile; fileRef = AD7BEC7D180E22910003187D /* Foundation.framework */; };
		AD7BEC9E180E22910003187D /* UIKit.framework in Frameworks */ = {isa = PBXBuildFile; fileRef = AD7BEC81180E22910003187D /* UIKit.framework */; };
		AD7BEC9F180E22910003187D /* CoreData.framework in Frameworks */ = {isa = PBXBuildFile; fileRef = AD7BEC83180E22910003187D /* CoreData.framework */; };
		AD7BECA7180E22910003187D /* InfoPlist.strings in Resources */ = {isa = PBXBuildFile; fileRef = AD7BECA5180E22910003187D /* InfoPlist.strings */; };
		AD7BECA9180E22910003187D /* Trails_On_a_MapTests.m in Sources */ = {isa = PBXBuildFile; fileRef = AD7BECA8180E22910003187D /* Trails_On_a_MapTests.m */; };
		AD7BECB3180E22E30003187D /* MapKit.framework in Frameworks */ = {isa = PBXBuildFile; fileRef = AD7BECB2180E22E30003187D /* MapKit.framework */; };
		AD7BECB5180E22EE0003187D /* CoreLocation.framework in Frameworks */ = {isa = PBXBuildFile; fileRef = AD7BECB4180E22ED0003187D /* CoreLocation.framework */; };
		AD7BECB9180E23220003187D /* TOMRootViewController.m in Sources */ = {isa = PBXBuildFile; fileRef = AD7BECB7180E23220003187D /* TOMRootViewController.m */; };
		AD7BECBA180E23220003187D /* TOMRootViewController.xib in Resources */ = {isa = PBXBuildFile; fileRef = AD7BECB8180E23220003187D /* TOMRootViewController.xib */; };
		AD7BECBE180E9CDB0003187D /* TOMProperties.m in Sources */ = {isa = PBXBuildFile; fileRef = AD7BECBD180E9CDB0003187D /* TOMProperties.m */; };
		AD7BECC0180F1AC10003187D /* settings.png in Resources */ = {isa = PBXBuildFile; fileRef = AD7BECBF180F1AC10003187D /* settings.png */; };
		ADA6C32818B8063600F64E59 /* TOMUrl.m in Sources */ = {isa = PBXBuildFile; fileRef = ADA6C32718B8063600F64E59 /* TOMUrl.m */; };
		ADA795DE18205AD1004E383D /* TOMOrganizerViewController.m in Sources */ = {isa = PBXBuildFile; fileRef = ADA795DC18205AD1004E383D /* TOMOrganizerViewController.m */; };
		ADA795DF18205AD1004E383D /* TOMOrganizerViewController.xib in Resources */ = {isa = PBXBuildFile; fileRef = ADA795DD18205AD1004E383D /* TOMOrganizerViewController.xib */; };
		ADA795E31820988D004E383D /* pt57x57.png in Resources */ = {isa = PBXBuildFile; fileRef = ADA795E01820988D004E383D /* pt57x57.png */; };
		ADA795E41820988D004E383D /* pt114x114.png in Resources */ = {isa = PBXBuildFile; fileRef = ADA795E11820988D004E383D /* pt114x114.png */; };
		ADA795E51820988D004E383D /* pt120x120.png in Resources */ = {isa = PBXBuildFile; fileRef = ADA795E21820988D004E383D /* pt120x120.png */; };
		ADBF322F18BD454A00EBEF1D /* iAd.framework in Frameworks */ = {isa = PBXBuildFile; fileRef = ADBF322E18BD454A00EBEF1D /* iAd.framework */; };
		ADDE2927184A456F00CBB238 /* TOMSpeed.m in Sources */ = {isa = PBXBuildFile; fileRef = ADDE2926184A456F00CBB238 /* TOMSpeed.m */; };
		ADDE292A184A4C2000CBB238 /* TOMDistance.m in Sources */ = {isa = PBXBuildFile; fileRef = ADDE2929184A4C2000CBB238 /* TOMDistance.m */; };
		ADDE292C184D29F500CBB238 /* AssetsLibrary.framework in Frameworks */ = {isa = PBXBuildFile; fileRef = ADDE292B184D29F500CBB238 /* AssetsLibrary.framework */; };
/* End PBXBuildFile section */

/* Begin PBXContainerItemProxy section */
		AD7BECA0180E22910003187D /* PBXContainerItemProxy */ = {
			isa = PBXContainerItemProxy;
			containerPortal = AD7BEC72180E22910003187D /* Project object */;
			proxyType = 1;
			remoteGlobalIDString = AD7BEC79180E22910003187D;
			remoteInfo = "Trails On a Map";
		};
/* End PBXContainerItemProxy section */

/* Begin PBXFileReference section */
		AD26E2F6181B002D0021BEE2 /* TOMTrackView.h */ = {isa = PBXFileReference; fileEncoding = 4; lastKnownFileType = sourcecode.c.h; name = TOMTrackView.h; path = ../TOMTrackView.h; sourceTree = "<group>"; };
		AD26E2F7181B002D0021BEE2 /* TOMTrackView.m */ = {isa = PBXFileReference; fileEncoding = 4; lastKnownFileType = sourcecode.c.objc; name = TOMTrackView.m; path = ../TOMTrackView.m; sourceTree = "<group>"; };
		AD26E2F9181B129A0021BEE2 /* TOMImageStore.h */ = {isa = PBXFileReference; fileEncoding = 4; lastKnownFileType = sourcecode.c.h; path = TOMImageStore.h; sourceTree = "<group>"; };
		AD26E2FA181B129A0021BEE2 /* TOMImageStore.m */ = {isa = PBXFileReference; fileEncoding = 4; lastKnownFileType = sourcecode.c.objc; path = TOMImageStore.m; sourceTree = "<group>"; };
		AD31BFA5182EED5800BCEE96 /* TOMViewSlider.h */ = {isa = PBXFileReference; fileEncoding = 4; lastKnownFileType = sourcecode.c.h; path = TOMViewSlider.h; sourceTree = "<group>"; };
		AD31BFA6182EED5800BCEE96 /* TOMViewSlider.m */ = {isa = PBXFileReference; fileEncoding = 4; lastKnownFileType = sourcecode.c.objc; path = TOMViewSlider.m; sourceTree = "<group>"; };
		AD35F18E18C65510006314E1 /* TOMOrganizerViewCell.h */ = {isa = PBXFileReference; fileEncoding = 4; lastKnownFileType = sourcecode.c.h; path = TOMOrganizerViewCell.h; sourceTree = "<group>"; };
		AD35F18F18C65510006314E1 /* TOMOrganizerViewCell.m */ = {isa = PBXFileReference; fileEncoding = 4; lastKnownFileType = sourcecode.c.objc; path = TOMOrganizerViewCell.m; sourceTree = "<group>"; };
		AD45010A181191AE00E76DE0 /* TOMPointOnAMap.h */ = {isa = PBXFileReference; fileEncoding = 4; lastKnownFileType = sourcecode.c.h; path = TOMPointOnAMap.h; sourceTree = "<group>"; };
		AD45010B181191AE00E76DE0 /* TOMPointOnAMap.m */ = {isa = PBXFileReference; fileEncoding = 4; lastKnownFileType = sourcecode.c.objc; path = TOMPointOnAMap.m; sourceTree = "<group>"; };
		AD45010D1811A77800E76DE0 /* TOMPomSet.h */ = {isa = PBXFileReference; fileEncoding = 4; lastKnownFileType = sourcecode.c.h; path = TOMPomSet.h; sourceTree = "<group>"; };
		AD45010E1811A77800E76DE0 /* TOMPomSet.m */ = {isa = PBXFileReference; fileEncoding = 4; lastKnownFileType = sourcecode.c.objc; path = TOMPomSet.m; sourceTree = "<group>"; };
		AD4501101812E74100E76DE0 /* TOMPropertyViewController.h */ = {isa = PBXFileReference; fileEncoding = 4; lastKnownFileType = sourcecode.c.h; path = TOMPropertyViewController.h; sourceTree = "<group>"; };
		AD4501111812E74100E76DE0 /* TOMPropertyViewController.m */ = {isa = PBXFileReference; fileEncoding = 4; lastKnownFileType = sourcecode.c.objc; path = TOMPropertyViewController.m; sourceTree = "<group>"; };
		AD4501121812E74100E76DE0 /* TOMPropertyViewController.xib */ = {isa = PBXFileReference; fileEncoding = 4; lastKnownFileType = file.xib; path = TOMPropertyViewController.xib; sourceTree = "<group>"; };
		AD6CD7E518244814005A0699 /* TOMDetailViewController.h */ = {isa = PBXFileReference; fileEncoding = 4; lastKnownFileType = sourcecode.c.h; path = TOMDetailViewController.h; sourceTree = "<group>"; };
		AD6CD7E618244814005A0699 /* TOMDetailViewController.m */ = {isa = PBXFileReference; fileEncoding = 4; lastKnownFileType = sourcecode.c.objc; path = TOMDetailViewController.m; sourceTree = "<group>"; };
		AD6CD7E718244814005A0699 /* TOMDetailViewController.xib */ = {isa = PBXFileReference; fileEncoding = 4; lastKnownFileType = file.xib; path = TOMDetailViewController.xib; sourceTree = "<group>"; };
		AD6F03561857DCC700753144 /* ImageIO.framework */ = {isa = PBXFileReference; lastKnownFileType = wrapper.framework; name = ImageIO.framework; path = System/Library/Frameworks/ImageIO.framework; sourceTree = SDKROOT; };
		AD6F035E1858074F00753144 /* TOMPhotoAlbumViewController.h */ = {isa = PBXFileReference; fileEncoding = 4; lastKnownFileType = sourcecode.c.h; name = TOMPhotoAlbumViewController.h; path = ../TOMPhotoAlbumViewController.h; sourceTree = "<group>"; };
		AD6F035F1858074F00753144 /* TOMPhotoAlbumViewController.m */ = {isa = PBXFileReference; fileEncoding = 4; lastKnownFileType = sourcecode.c.objc; name = TOMPhotoAlbumViewController.m; path = ../TOMPhotoAlbumViewController.m; sourceTree = "<group>"; };
		AD6F03601858074F00753144 /* TOMPhotoAlbumViewController.xib */ = {isa = PBXFileReference; fileEncoding = 4; lastKnownFileType = file.xib; name = TOMPhotoAlbumViewController.xib; path = ../TOMPhotoAlbumViewController.xib; sourceTree = "<group>"; };
		AD6F03631858A88800753144 /* TOMPhotoGroupViewController.h */ = {isa = PBXFileReference; fileEncoding = 4; lastKnownFileType = sourcecode.c.h; path = TOMPhotoGroupViewController.h; sourceTree = "<group>"; };
		AD6F03641858A88900753144 /* TOMPhotoGroupViewController.m */ = {isa = PBXFileReference; fileEncoding = 4; lastKnownFileType = sourcecode.c.objc; path = TOMPhotoGroupViewController.m; sourceTree = "<group>"; };
		AD6F03651858A88900753144 /* TOMPhotoGroupViewController.xib */ = {isa = PBXFileReference; fileEncoding = 4; lastKnownFileType = file.xib; path = TOMPhotoGroupViewController.xib; sourceTree = "<group>"; };
		AD6F036A1858ADBA00753144 /* TOMPhotoGroupCell.h */ = {isa = PBXFileReference; fileEncoding = 4; lastKnownFileType = sourcecode.c.h; path = TOMPhotoGroupCell.h; sourceTree = "<group>"; };
		AD6F036B1858ADBA00753144 /* TOMPhotoGroupCell.m */ = {isa = PBXFileReference; fileEncoding = 4; lastKnownFileType = sourcecode.c.objc; path = TOMPhotoGroupCell.m; sourceTree = "<group>"; };
		AD778D3518141F0A008E1D06 /* Trails On a Map.entitlements */ = {isa = PBXFileReference; lastKnownFileType = text.xml; path = "Trails On a Map.entitlements"; sourceTree = "<group>"; };
		AD778D36181454A3008E1D06 /* TOMMapSet.h */ = {isa = PBXFileReference; fileEncoding = 4; lastKnownFileType = sourcecode.c.h; path = TOMMapSet.h; sourceTree = "<group>"; };
		AD778D37181454A3008E1D06 /* TOMMapSet.m */ = {isa = PBXFileReference; fileEncoding = 4; lastKnownFileType = sourcecode.c.objc; path = TOMMapSet.m; sourceTree = "<group>"; };
		AD7BEC7A180E22910003187D /* Trails On a Map.app */ = {isa = PBXFileReference; explicitFileType = wrapper.application; includeInIndex = 0; path = "Trails On a Map.app"; sourceTree = BUILT_PRODUCTS_DIR; };
		AD7BEC7D180E22910003187D /* Foundation.framework */ = {isa = PBXFileReference; lastKnownFileType = wrapper.framework; name = Foundation.framework; path = System/Library/Frameworks/Foundation.framework; sourceTree = SDKROOT; };
		AD7BEC7F180E22910003187D /* CoreGraphics.framework */ = {isa = PBXFileReference; lastKnownFileType = wrapper.framework; name = CoreGraphics.framework; path = System/Library/Frameworks/CoreGraphics.framework; sourceTree = SDKROOT; };
		AD7BEC81180E22910003187D /* UIKit.framework */ = {isa = PBXFileReference; lastKnownFileType = wrapper.framework; name = UIKit.framework; path = System/Library/Frameworks/UIKit.framework; sourceTree = SDKROOT; };
		AD7BEC83180E22910003187D /* CoreData.framework */ = {isa = PBXFileReference; lastKnownFileType = wrapper.framework; name = CoreData.framework; path = System/Library/Frameworks/CoreData.framework; sourceTree = SDKROOT; };
		AD7BEC87180E22910003187D /* Trails On a Map-Info.plist */ = {isa = PBXFileReference; lastKnownFileType = text.plist.xml; path = "Trails On a Map-Info.plist"; sourceTree = "<group>"; };
		AD7BEC89180E22910003187D /* en */ = {isa = PBXFileReference; lastKnownFileType = text.plist.strings; name = en; path = en.lproj/InfoPlist.strings; sourceTree = "<group>"; };
		AD7BEC8B180E22910003187D /* main.m */ = {isa = PBXFileReference; lastKnownFileType = sourcecode.c.objc; path = main.m; sourceTree = "<group>"; };
		AD7BEC8D180E22910003187D /* Trails On a Map-Prefix.pch */ = {isa = PBXFileReference; lastKnownFileType = sourcecode.c.h; path = "Trails On a Map-Prefix.pch"; sourceTree = "<group>"; };
		AD7BEC8E180E22910003187D /* TOMAppDelegate.h */ = {isa = PBXFileReference; lastKnownFileType = sourcecode.c.h; path = TOMAppDelegate.h; sourceTree = "<group>"; };
		AD7BEC8F180E22910003187D /* TOMAppDelegate.m */ = {isa = PBXFileReference; lastKnownFileType = sourcecode.c.objc; path = TOMAppDelegate.m; sourceTree = "<group>"; };
		AD7BEC92180E22910003187D /* Trails_On_a_Map.xcdatamodel */ = {isa = PBXFileReference; lastKnownFileType = wrapper.xcdatamodel; path = Trails_On_a_Map.xcdatamodel; sourceTree = "<group>"; };
		AD7BEC94180E22910003187D /* Images.xcassets */ = {isa = PBXFileReference; lastKnownFileType = folder.assetcatalog; path = Images.xcassets; sourceTree = "<group>"; };
		AD7BEC9A180E22910003187D /* Trails On a MapTests.xctest */ = {isa = PBXFileReference; explicitFileType = wrapper.cfbundle; includeInIndex = 0; path = "Trails On a MapTests.xctest"; sourceTree = BUILT_PRODUCTS_DIR; };
		AD7BEC9B180E22910003187D /* XCTest.framework */ = {isa = PBXFileReference; lastKnownFileType = wrapper.framework; name = XCTest.framework; path = Library/Frameworks/XCTest.framework; sourceTree = DEVELOPER_DIR; };
		AD7BECA4180E22910003187D /* Trails On a MapTests-Info.plist */ = {isa = PBXFileReference; lastKnownFileType = text.plist.xml; path = "Trails On a MapTests-Info.plist"; sourceTree = "<group>"; };
		AD7BECA6180E22910003187D /* en */ = {isa = PBXFileReference; lastKnownFileType = text.plist.strings; name = en; path = en.lproj/InfoPlist.strings; sourceTree = "<group>"; };
		AD7BECA8180E22910003187D /* Trails_On_a_MapTests.m */ = {isa = PBXFileReference; lastKnownFileType = sourcecode.c.objc; path = Trails_On_a_MapTests.m; sourceTree = "<group>"; };
		AD7BECB2180E22E30003187D /* MapKit.framework */ = {isa = PBXFileReference; lastKnownFileType = wrapper.framework; name = MapKit.framework; path = System/Library/Frameworks/MapKit.framework; sourceTree = SDKROOT; };
		AD7BECB4180E22ED0003187D /* CoreLocation.framework */ = {isa = PBXFileReference; lastKnownFileType = wrapper.framework; name = CoreLocation.framework; path = System/Library/Frameworks/CoreLocation.framework; sourceTree = SDKROOT; };
		AD7BECB6180E23210003187D /* TOMRootViewController.h */ = {isa = PBXFileReference; fileEncoding = 4; lastKnownFileType = sourcecode.c.h; name = TOMRootViewController.h; path = ../TOMRootViewController.h; sourceTree = "<group>"; };
		AD7BECB7180E23220003187D /* TOMRootViewController.m */ = {isa = PBXFileReference; fileEncoding = 4; lastKnownFileType = sourcecode.c.objc; name = TOMRootViewController.m; path = ../TOMRootViewController.m; sourceTree = "<group>"; };
		AD7BECB8180E23220003187D /* TOMRootViewController.xib */ = {isa = PBXFileReference; fileEncoding = 4; lastKnownFileType = file.xib; name = TOMRootViewController.xib; path = ../TOMRootViewController.xib; sourceTree = "<group>"; };
		AD7BECBB180E239E0003187D /* TOM.h */ = {isa = PBXFileReference; lastKnownFileType = sourcecode.c.h; path = TOM.h; sourceTree = "<group>"; };
		AD7BECBC180E9CDB0003187D /* TOMProperties.h */ = {isa = PBXFileReference; fileEncoding = 4; lastKnownFileType = sourcecode.c.h; path = TOMProperties.h; sourceTree = "<group>"; };
		AD7BECBD180E9CDB0003187D /* TOMProperties.m */ = {isa = PBXFileReference; fileEncoding = 4; lastKnownFileType = sourcecode.c.objc; path = TOMProperties.m; sourceTree = "<group>"; };
		AD7BECBF180F1AC10003187D /* settings.png */ = {isa = PBXFileReference; lastKnownFileType = image.png; path = settings.png; sourceTree = "<group>"; };
		ADA6C32618B8063600F64E59 /* TOMUrl.h */ = {isa = PBXFileReference; fileEncoding = 4; lastKnownFileType = sourcecode.c.h; path = TOMUrl.h; sourceTree = "<group>"; };
		ADA6C32718B8063600F64E59 /* TOMUrl.m */ = {isa = PBXFileReference; fileEncoding = 4; lastKnownFileType = sourcecode.c.objc; path = TOMUrl.m; sourceTree = "<group>"; };
		ADA795DB18205AD1004E383D /* TOMOrganizerViewController.h */ = {isa = PBXFileReference; fileEncoding = 4; lastKnownFileType = sourcecode.c.h; path = TOMOrganizerViewController.h; sourceTree = "<group>"; };
		ADA795DC18205AD1004E383D /* TOMOrganizerViewController.m */ = {isa = PBXFileReference; fileEncoding = 4; lastKnownFileType = sourcecode.c.objc; path = TOMOrganizerViewController.m; sourceTree = "<group>"; };
		ADA795DD18205AD1004E383D /* TOMOrganizerViewController.xib */ = {isa = PBXFileReference; fileEncoding = 4; lastKnownFileType = file.xib; path = TOMOrganizerViewController.xib; sourceTree = "<group>"; };
		ADA795E01820988D004E383D /* pt57x57.png */ = {isa = PBXFileReference; lastKnownFileType = image.png; path = pt57x57.png; sourceTree = "<group>"; };
		ADA795E11820988D004E383D /* pt114x114.png */ = {isa = PBXFileReference; lastKnownFileType = image.png; path = pt114x114.png; sourceTree = "<group>"; };
		ADA795E21820988D004E383D /* pt120x120.png */ = {isa = PBXFileReference; lastKnownFileType = image.png; path = pt120x120.png; sourceTree = "<group>"; };
		ADBF322E18BD454A00EBEF1D /* iAd.framework */ = {isa = PBXFileReference; lastKnownFileType = wrapper.framework; name = iAd.framework; path = System/Library/Frameworks/iAd.framework; sourceTree = SDKROOT; };
		ADDE2925184A456F00CBB238 /* TOMSpeed.h */ = {isa = PBXFileReference; fileEncoding = 4; lastKnownFileType = sourcecode.c.h; path = TOMSpeed.h; sourceTree = "<group>"; };
		ADDE2926184A456F00CBB238 /* TOMSpeed.m */ = {isa = PBXFileReference; fileEncoding = 4; lastKnownFileType = sourcecode.c.objc; path = TOMSpeed.m; sourceTree = "<group>"; };
		ADDE2928184A4C2000CBB238 /* TOMDistance.h */ = {isa = PBXFileReference; fileEncoding = 4; lastKnownFileType = sourcecode.c.h; path = TOMDistance.h; sourceTree = "<group>"; };
		ADDE2929184A4C2000CBB238 /* TOMDistance.m */ = {isa = PBXFileReference; fileEncoding = 4; lastKnownFileType = sourcecode.c.objc; path = TOMDistance.m; sourceTree = "<group>"; };
		ADDE292B184D29F500CBB238 /* AssetsLibrary.framework */ = {isa = PBXFileReference; lastKnownFileType = wrapper.framework; name = AssetsLibrary.framework; path = System/Library/Frameworks/AssetsLibrary.framework; sourceTree = SDKROOT; };
/* End PBXFileReference section */

/* Begin PBXFrameworksBuildPhase section */
		AD7BEC77180E22910003187D /* Frameworks */ = {
			isa = PBXFrameworksBuildPhase;
			buildActionMask = 2147483647;
			files = (
				ADBF322F18BD454A00EBEF1D /* iAd.framework in Frameworks */,
				AD6F03571857DCC700753144 /* ImageIO.framework in Frameworks */,
				ADDE292C184D29F500CBB238 /* AssetsLibrary.framework in Frameworks */,
				AD7BECB5180E22EE0003187D /* CoreLocation.framework in Frameworks */,
				AD7BECB3180E22E30003187D /* MapKit.framework in Frameworks */,
				AD7BEC80180E22910003187D /* CoreGraphics.framework in Frameworks */,
				AD7BEC84180E22910003187D /* CoreData.framework in Frameworks */,
				AD7BEC82180E22910003187D /* UIKit.framework in Frameworks */,
				AD7BEC7E180E22910003187D /* Foundation.framework in Frameworks */,
			);
			runOnlyForDeploymentPostprocessing = 0;
		};
		AD7BEC97180E22910003187D /* Frameworks */ = {
			isa = PBXFrameworksBuildPhase;
			buildActionMask = 2147483647;
			files = (
				AD7BEC9C180E22910003187D /* XCTest.framework in Frameworks */,
				AD7BEC9F180E22910003187D /* CoreData.framework in Frameworks */,
				AD7BEC9E180E22910003187D /* UIKit.framework in Frameworks */,
				AD7BEC9D180E22910003187D /* Foundation.framework in Frameworks */,
			);
			runOnlyForDeploymentPostprocessing = 0;
		};
/* End PBXFrameworksBuildPhase section */

/* Begin PBXGroup section */
		AD7BEC71180E22910003187D = {
			isa = PBXGroup;
			children = (
				AD7BEC85180E22910003187D /* Trails On a Map */,
				AD7BECA2180E22910003187D /* Trails On a MapTests */,
				AD7BEC7C180E22910003187D /* Frameworks */,
				AD7BEC7B180E22910003187D /* Products */,
			);
			sourceTree = "<group>";
		};
		AD7BEC7B180E22910003187D /* Products */ = {
			isa = PBXGroup;
			children = (
				AD7BEC7A180E22910003187D /* Trails On a Map.app */,
				AD7BEC9A180E22910003187D /* Trails On a MapTests.xctest */,
			);
			name = Products;
			sourceTree = "<group>";
		};
		AD7BEC7C180E22910003187D /* Frameworks */ = {
			isa = PBXGroup;
			children = (
				ADBF322E18BD454A00EBEF1D /* iAd.framework */,
				AD6F03561857DCC700753144 /* ImageIO.framework */,
				ADDE292B184D29F500CBB238 /* AssetsLibrary.framework */,
				AD7BECB4180E22ED0003187D /* CoreLocation.framework */,
				AD7BECB2180E22E30003187D /* MapKit.framework */,
				AD7BEC7D180E22910003187D /* Foundation.framework */,
				AD7BEC7F180E22910003187D /* CoreGraphics.framework */,
				AD7BEC81180E22910003187D /* UIKit.framework */,
				AD7BEC83180E22910003187D /* CoreData.framework */,
				AD7BEC9B180E22910003187D /* XCTest.framework */,
			);
			name = Frameworks;
			sourceTree = "<group>";
		};
		AD7BEC85180E22910003187D /* Trails On a Map */ = {
			isa = PBXGroup;
			children = (
				AD778D3518141F0A008E1D06 /* Trails On a Map.entitlements */,
				AD7BECBB180E239E0003187D /* TOM.h */,
				AD7BEC8E180E22910003187D /* TOMAppDelegate.h */,
				AD7BEC8F180E22910003187D /* TOMAppDelegate.m */,
				AD6CD7E518244814005A0699 /* TOMDetailViewController.h */,
				AD6CD7E618244814005A0699 /* TOMDetailViewController.m */,
				AD26E2F9181B129A0021BEE2 /* TOMImageStore.h */,
				AD26E2FA181B129A0021BEE2 /* TOMImageStore.m */,
				ADA795DB18205AD1004E383D /* TOMOrganizerViewController.h */,
				ADA795DC18205AD1004E383D /* TOMOrganizerViewController.m */,
				AD35F18E18C65510006314E1 /* TOMOrganizerViewCell.h */,
				AD35F18F18C65510006314E1 /* TOMOrganizerViewCell.m */,
				AD6F035E1858074F00753144 /* TOMPhotoAlbumViewController.h */,
				AD6F035F1858074F00753144 /* TOMPhotoAlbumViewController.m */,
				AD6F036A1858ADBA00753144 /* TOMPhotoGroupCell.h */,
				AD6F036B1858ADBA00753144 /* TOMPhotoGroupCell.m */,
				AD6F03631858A88800753144 /* TOMPhotoGroupViewController.h */,
				AD6F03641858A88900753144 /* TOMPhotoGroupViewController.m */,
				AD7BECBC180E9CDB0003187D /* TOMProperties.h */,
				AD7BECBD180E9CDB0003187D /* TOMProperties.m */,
				AD4501101812E74100E76DE0 /* TOMPropertyViewController.h */,
				AD4501111812E74100E76DE0 /* TOMPropertyViewController.m */,
				AD7BECB6180E23210003187D /* TOMRootViewController.h */,
				AD7BECB7180E23220003187D /* TOMRootViewController.m */,
				AD26E2F6181B002D0021BEE2 /* TOMTrackView.h */,
				AD26E2F7181B002D0021BEE2 /* TOMTrackView.m */,
				AD778D36181454A3008E1D06 /* TOMMapSet.h */,
				AD778D37181454A3008E1D06 /* TOMMapSet.m */,
				AD45010D1811A77800E76DE0 /* TOMPomSet.h */,
				AD45010E1811A77800E76DE0 /* TOMPomSet.m */,
				AD31BFA5182EED5800BCEE96 /* TOMViewSlider.h */,
				AD31BFA6182EED5800BCEE96 /* TOMViewSlider.m */,
				AD45010A181191AE00E76DE0 /* TOMPointOnAMap.h */,
				AD45010B181191AE00E76DE0 /* TOMPointOnAMap.m */,
				ADDE2925184A456F00CBB238 /* TOMSpeed.h */,
				ADDE2926184A456F00CBB238 /* TOMSpeed.m */,
				ADDE2928184A4C2000CBB238 /* TOMDistance.h */,
				ADDE2929184A4C2000CBB238 /* TOMDistance.m */,
				ADA6C32618B8063600F64E59 /* TOMUrl.h */,
				ADA6C32718B8063600F64E59 /* TOMUrl.m */,
				AD7BEC94180E22910003187D /* Images.xcassets */,
				AD7BEC91180E22910003187D /* Trails_On_a_Map.xcdatamodeld */,
				AD7BEC86180E22910003187D /* Supporting Files */,
			);
			path = "Trails On a Map";
			sourceTree = "<group>";
		};
		AD7BEC86180E22910003187D /* Supporting Files */ = {
			isa = PBXGroup;
			children = (
				ADA795E01820988D004E383D /* pt57x57.png */,
				ADA795E11820988D004E383D /* pt114x114.png */,
				ADA795E21820988D004E383D /* pt120x120.png */,
				AD6CD7E718244814005A0699 /* TOMDetailViewController.xib */,
				ADA795DD18205AD1004E383D /* TOMOrganizerViewController.xib */,
				AD6F03601858074F00753144 /* TOMPhotoAlbumViewController.xib */,
				AD6F03651858A88900753144 /* TOMPhotoGroupViewController.xib */,
				AD4501121812E74100E76DE0 /* TOMPropertyViewController.xib */,
				AD7BECB8180E23220003187D /* TOMRootViewController.xib */,
				AD7BEC87180E22910003187D /* Trails On a Map-Info.plist */,
				AD7BEC88180E22910003187D /* InfoPlist.strings */,
				AD7BEC8B180E22910003187D /* main.m */,
				AD7BEC8D180E22910003187D /* Trails On a Map-Prefix.pch */,
				AD7BECBF180F1AC10003187D /* settings.png */,
			);
			name = "Supporting Files";
			sourceTree = "<group>";
		};
		AD7BECA2180E22910003187D /* Trails On a MapTests */ = {
			isa = PBXGroup;
			children = (
				AD7BECA8180E22910003187D /* Trails_On_a_MapTests.m */,
				AD7BECA3180E22910003187D /* Supporting Files */,
			);
			path = "Trails On a MapTests";
			sourceTree = "<group>";
		};
		AD7BECA3180E22910003187D /* Supporting Files */ = {
			isa = PBXGroup;
			children = (
				AD7BECA4180E22910003187D /* Trails On a MapTests-Info.plist */,
				AD7BECA5180E22910003187D /* InfoPlist.strings */,
			);
			name = "Supporting Files";
			sourceTree = "<group>";
		};
/* End PBXGroup section */

/* Begin PBXNativeTarget section */
		AD7BEC79180E22910003187D /* Trails On a Map */ = {
			isa = PBXNativeTarget;
			buildConfigurationList = AD7BECAC180E22910003187D /* Build configuration list for PBXNativeTarget "Trails On a Map" */;
			buildPhases = (
				AD7BEC76180E22910003187D /* Sources */,
				AD7BEC77180E22910003187D /* Frameworks */,
				AD7BEC78180E22910003187D /* Resources */,
			);
			buildRules = (
			);
			dependencies = (
			);
			name = "Trails On a Map";
			productName = "Trails On a Map";
			productReference = AD7BEC7A180E22910003187D /* Trails On a Map.app */;
			productType = "com.apple.product-type.application";
		};
		AD7BEC99180E22910003187D /* Trails On a MapTests */ = {
			isa = PBXNativeTarget;
			buildConfigurationList = AD7BECAF180E22910003187D /* Build configuration list for PBXNativeTarget "Trails On a MapTests" */;
			buildPhases = (
				AD7BEC96180E22910003187D /* Sources */,
				AD7BEC97180E22910003187D /* Frameworks */,
				AD7BEC98180E22910003187D /* Resources */,
			);
			buildRules = (
			);
			dependencies = (
				AD7BECA1180E22910003187D /* PBXTargetDependency */,
			);
			name = "Trails On a MapTests";
			productName = "Trails On a MapTests";
			productReference = AD7BEC9A180E22910003187D /* Trails On a MapTests.xctest */;
			productType = "com.apple.product-type.bundle.unit-test";
		};
/* End PBXNativeTarget section */

/* Begin PBXProject section */
		AD7BEC72180E22910003187D /* Project object */ = {
			isa = PBXProject;
			attributes = {
				CLASSPREFIX = TOM;
				LastUpgradeCheck = 0500;
				ORGANIZATIONNAME = "Pearce Software Solutions";
				TargetAttributes = {
					AD7BEC79180E22910003187D = {
						DevelopmentTeam = HV9L49AFR8;
						SystemCapabilities = {
							com.apple.BackgroundModes = {
								enabled = 1;
							};
							com.apple.Keychain = {
								enabled = 1;
							};
							com.apple.iCloud = {
								enabled = 1;
							};
						};
					};
					AD7BEC99180E22910003187D = {
						TestTargetID = AD7BEC79180E22910003187D;
					};
				};
			};
			buildConfigurationList = AD7BEC75180E22910003187D /* Build configuration list for PBXProject "Trails On a Map" */;
			compatibilityVersion = "Xcode 3.2";
			developmentRegion = English;
			hasScannedForEncodings = 0;
			knownRegions = (
				en,
			);
			mainGroup = AD7BEC71180E22910003187D;
			productRefGroup = AD7BEC7B180E22910003187D /* Products */;
			projectDirPath = "";
			projectRoot = "";
			targets = (
				AD7BEC79180E22910003187D /* Trails On a Map */,
				AD7BEC99180E22910003187D /* Trails On a MapTests */,
			);
		};
/* End PBXProject section */

/* Begin PBXResourcesBuildPhase section */
		AD7BEC78180E22910003187D /* Resources */ = {
			isa = PBXResourcesBuildPhase;
			buildActionMask = 2147483647;
			files = (
				ADA795E41820988D004E383D /* pt114x114.png in Resources */,
				ADA795E31820988D004E383D /* pt57x57.png in Resources */,
				AD6F03671858A88900753144 /* TOMPhotoGroupViewController.xib in Resources */,
				AD6CD7E918244814005A0699 /* TOMDetailViewController.xib in Resources */,
				AD7BECC0180F1AC10003187D /* settings.png in Resources */,
				AD7BEC8A180E22910003187D /* InfoPlist.strings in Resources */,
				ADA795E51820988D004E383D /* pt120x120.png in Resources */,
				AD7BECBA180E23220003187D /* TOMRootViewController.xib in Resources */,
				ADA795DF18205AD1004E383D /* TOMOrganizerViewController.xib in Resources */,
				AD7BEC95180E22910003187D /* Images.xcassets in Resources */,
				AD6F03621858074F00753144 /* TOMPhotoAlbumViewController.xib in Resources */,
				AD4501141812E74100E76DE0 /* TOMPropertyViewController.xib in Resources */,
			);
			runOnlyForDeploymentPostprocessing = 0;
		};
		AD7BEC98180E22910003187D /* Resources */ = {
			isa = PBXResourcesBuildPhase;
			buildActionMask = 2147483647;
			files = (
				AD7BECA7180E22910003187D /* InfoPlist.strings in Resources */,
			);
			runOnlyForDeploymentPostprocessing = 0;
		};
/* End PBXResourcesBuildPhase section */

/* Begin PBXSourcesBuildPhase section */
		AD7BEC76180E22910003187D /* Sources */ = {
			isa = PBXSourcesBuildPhase;
			buildActionMask = 2147483647;
			files = (
				ADA6C32818B8063600F64E59 /* TOMUrl.m in Sources */,
				AD45010F1811A77800E76DE0 /* TOMPomSet.m in Sources */,
				AD7BEC8C180E22910003187D /* main.m in Sources */,
				AD6F036C1858ADBA00753144 /* TOMPhotoGroupCell.m in Sources */,
				AD778D38181454A3008E1D06 /* TOMMapSet.m in Sources */,
				ADDE292A184A4C2000CBB238 /* TOMDistance.m in Sources */,
				AD4501131812E74100E76DE0 /* TOMPropertyViewController.m in Sources */,
				ADDE2927184A456F00CBB238 /* TOMSpeed.m in Sources */,
				AD31BFA7182EED5800BCEE96 /* TOMViewSlider.m in Sources */,
				AD45010C181191AE00E76DE0 /* TOMPointOnAMap.m in Sources */,
				AD7BECB9180E23220003187D /* TOMRootViewController.m in Sources */,
				AD6F03611858074F00753144 /* TOMPhotoAlbumViewController.m in Sources */,
				AD26E2FB181B129A0021BEE2 /* TOMImageStore.m in Sources */,
				AD7BEC90180E22910003187D /* TOMAppDelegate.m in Sources */,
				AD26E2F8181B002D0021BEE2 /* TOMTrackView.m in Sources */,
				AD7BECBE180E9CDB0003187D /* TOMProperties.m in Sources */,
				AD6F03661858A88900753144 /* TOMPhotoGroupViewController.m in Sources */,
				AD35F19018C65510006314E1 /* TOMOrganizerViewCell.m in Sources */,
				AD7BEC93180E22910003187D /* Trails_On_a_Map.xcdatamodeld in Sources */,
				AD6CD7E818244814005A0699 /* TOMDetailViewController.m in Sources */,
				ADA795DE18205AD1004E383D /* TOMOrganizerViewController.m in Sources */,
			);
			runOnlyForDeploymentPostprocessing = 0;
		};
		AD7BEC96180E22910003187D /* Sources */ = {
			isa = PBXSourcesBuildPhase;
			buildActionMask = 2147483647;
			files = (
				AD7BECA9180E22910003187D /* Trails_On_a_MapTests.m in Sources */,
			);
			runOnlyForDeploymentPostprocessing = 0;
		};
/* End PBXSourcesBuildPhase section */

/* Begin PBXTargetDependency section */
		AD7BECA1180E22910003187D /* PBXTargetDependency */ = {
			isa = PBXTargetDependency;
			target = AD7BEC79180E22910003187D /* Trails On a Map */;
			targetProxy = AD7BECA0180E22910003187D /* PBXContainerItemProxy */;
		};
/* End PBXTargetDependency section */

/* Begin PBXVariantGroup section */
		AD7BEC88180E22910003187D /* InfoPlist.strings */ = {
			isa = PBXVariantGroup;
			children = (
				AD7BEC89180E22910003187D /* en */,
			);
			name = InfoPlist.strings;
			sourceTree = "<group>";
		};
		AD7BECA5180E22910003187D /* InfoPlist.strings */ = {
			isa = PBXVariantGroup;
			children = (
				AD7BECA6180E22910003187D /* en */,
			);
			name = InfoPlist.strings;
			sourceTree = "<group>";
		};
/* End PBXVariantGroup section */

/* Begin XCBuildConfiguration section */
		AD7BECAA180E22910003187D /* Debug */ = {
			isa = XCBuildConfiguration;
			buildSettings = {
				ALWAYS_SEARCH_USER_PATHS = NO;
				ARCHS = "$(ARCHS_STANDARD_INCLUDING_64_BIT)";
				CLANG_CXX_LANGUAGE_STANDARD = "gnu++0x";
				CLANG_CXX_LIBRARY = "libc++";
				CLANG_ENABLE_MODULES = YES;
				CLANG_ENABLE_OBJC_ARC = YES;
				CLANG_WARN_BOOL_CONVERSION = YES;
				CLANG_WARN_CONSTANT_CONVERSION = YES;
				CLANG_WARN_DIRECT_OBJC_ISA_USAGE = YES_ERROR;
				CLANG_WARN_EMPTY_BODY = YES;
				CLANG_WARN_ENUM_CONVERSION = YES;
				CLANG_WARN_INT_CONVERSION = YES;
				CLANG_WARN_OBJC_ROOT_CLASS = YES_ERROR;
				CLANG_WARN__DUPLICATE_METHOD_MATCH = YES;
				"CODE_SIGN_IDENTITY[sdk=iphoneos*]" = "iPhone Developer";
				COPY_PHASE_STRIP = NO;
				GCC_C_LANGUAGE_STANDARD = gnu99;
				GCC_DYNAMIC_NO_PIC = NO;
				GCC_OPTIMIZATION_LEVEL = 0;
				GCC_PREPROCESSOR_DEFINITIONS = (
					"DEBUG=1",
					"$(inherited)",
				);
				GCC_SYMBOLS_PRIVATE_EXTERN = NO;
				GCC_WARN_64_TO_32_BIT_CONVERSION = YES;
				GCC_WARN_ABOUT_RETURN_TYPE = YES_ERROR;
				GCC_WARN_UNDECLARED_SELECTOR = YES;
				GCC_WARN_UNINITIALIZED_AUTOS = YES;
				GCC_WARN_UNUSED_FUNCTION = YES;
				GCC_WARN_UNUSED_VARIABLE = YES;
				IPHONEOS_DEPLOYMENT_TARGET = 7.0;
				ONLY_ACTIVE_ARCH = YES;
				SDKROOT = iphoneos;
				TARGETED_DEVICE_FAMILY = "1,2";
			};
			name = Debug;
		};
		AD7BECAB180E22910003187D /* Release */ = {
			isa = XCBuildConfiguration;
			buildSettings = {
				ALWAYS_SEARCH_USER_PATHS = NO;
				ARCHS = "$(ARCHS_STANDARD_INCLUDING_64_BIT)";
				CLANG_CXX_LANGUAGE_STANDARD = "gnu++0x";
				CLANG_CXX_LIBRARY = "libc++";
				CLANG_ENABLE_MODULES = YES;
				CLANG_ENABLE_OBJC_ARC = YES;
				CLANG_WARN_BOOL_CONVERSION = YES;
				CLANG_WARN_CONSTANT_CONVERSION = YES;
				CLANG_WARN_DIRECT_OBJC_ISA_USAGE = YES_ERROR;
				CLANG_WARN_EMPTY_BODY = YES;
				CLANG_WARN_ENUM_CONVERSION = YES;
				CLANG_WARN_INT_CONVERSION = YES;
				CLANG_WARN_OBJC_ROOT_CLASS = YES_ERROR;
				CLANG_WARN__DUPLICATE_METHOD_MATCH = YES;
				"CODE_SIGN_IDENTITY[sdk=iphoneos*]" = "iPhone Developer";
				COPY_PHASE_STRIP = YES;
				ENABLE_NS_ASSERTIONS = NO;
				GCC_C_LANGUAGE_STANDARD = gnu99;
				GCC_WARN_64_TO_32_BIT_CONVERSION = YES;
				GCC_WARN_ABOUT_RETURN_TYPE = YES_ERROR;
				GCC_WARN_UNDECLARED_SELECTOR = YES;
				GCC_WARN_UNINITIALIZED_AUTOS = YES;
				GCC_WARN_UNUSED_FUNCTION = YES;
				GCC_WARN_UNUSED_VARIABLE = YES;
				IPHONEOS_DEPLOYMENT_TARGET = 7.0;
				SDKROOT = iphoneos;
				TARGETED_DEVICE_FAMILY = "1,2";
				VALIDATE_PRODUCT = YES;
			};
			name = Release;
		};
		AD7BECAD180E22910003187D /* Debug */ = {
			isa = XCBuildConfiguration;
			buildSettings = {
				ASSETCATALOG_COMPILER_APPICON_NAME = AppIcon;
				ASSETCATALOG_COMPILER_LAUNCHIMAGE_NAME = LaunchImage;
				CODE_SIGN_ENTITLEMENTS = "Trails On a Map/Trails On a Map.entitlements";
				CODE_SIGN_IDENTITY = "iPhone Developer";
				"CODE_SIGN_IDENTITY[sdk=iphoneos*]" = "iPhone Developer";
				GCC_PRECOMPILE_PREFIX_HEADER = YES;
				GCC_PREFIX_HEADER = "Trails On a Map/Trails On a Map-Prefix.pch";
				INFOPLIST_FILE = "Trails On a Map/Trails On a Map-Info.plist";
				PRODUCT_NAME = "$(TARGET_NAME)";
				PROVISIONING_PROFILE = "";
				WRAPPER_EXTENSION = app;
			};
			name = Debug;
		};
		AD7BECAE180E22910003187D /* Release */ = {
			isa = XCBuildConfiguration;
			buildSettings = {
				ASSETCATALOG_COMPILER_APPICON_NAME = AppIcon;
				ASSETCATALOG_COMPILER_LAUNCHIMAGE_NAME = LaunchImage;
				CODE_SIGN_ENTITLEMENTS = "Trails On a Map/Trails On a Map.entitlements";
				CODE_SIGN_IDENTITY = "iPhone Developer";
				"CODE_SIGN_IDENTITY[sdk=iphoneos*]" = "iPhone Developer";
				GCC_PRECOMPILE_PREFIX_HEADER = YES;
				GCC_PREFIX_HEADER = "Trails On a Map/Trails On a Map-Prefix.pch";
				INFOPLIST_FILE = "Trails On a Map/Trails On a Map-Info.plist";
				PRODUCT_NAME = "$(TARGET_NAME)";
				PROVISIONING_PROFILE = "";
				WRAPPER_EXTENSION = app;
			};
			name = Release;
		};
		AD7BECB0180E22910003187D /* Debug */ = {
			isa = XCBuildConfiguration;
			buildSettings = {
				ARCHS = "$(ARCHS_STANDARD_INCLUDING_64_BIT)";
				BUNDLE_LOADER = "$(BUILT_PRODUCTS_DIR)/Trails On a Map.app/Trails On a Map";
				FRAMEWORK_SEARCH_PATHS = (
					"$(SDKROOT)/Developer/Library/Frameworks",
					"$(inherited)",
					"$(DEVELOPER_FRAMEWORKS_DIR)",
				);
				GCC_PRECOMPILE_PREFIX_HEADER = YES;
				GCC_PREFIX_HEADER = "Trails On a Map/Trails On a Map-Prefix.pch";
				GCC_PREPROCESSOR_DEFINITIONS = (
					"DEBUG=1",
					"$(inherited)",
				);
				INFOPLIST_FILE = "Trails On a MapTests/Trails On a MapTests-Info.plist";
				PRODUCT_NAME = "$(TARGET_NAME)";
				TEST_HOST = "$(BUNDLE_LOADER)";
				WRAPPER_EXTENSION = xctest;
			};
			name = Debug;
		};
		AD7BECB1180E22910003187D /* Release */ = {
			isa = XCBuildConfiguration;
			buildSettings = {
				ARCHS = "$(ARCHS_STANDARD_INCLUDING_64_BIT)";
				BUNDLE_LOADER = "$(BUILT_PRODUCTS_DIR)/Trails On a Map.app/Trails On a Map";
				FRAMEWORK_SEARCH_PATHS = (
					"$(SDKROOT)/Developer/Library/Frameworks",
					"$(inherited)",
					"$(DEVELOPER_FRAMEWORKS_DIR)",
				);
				GCC_PRECOMPILE_PREFIX_HEADER = YES;
				GCC_PREFIX_HEADER = "Trails On a Map/Trails On a Map-Prefix.pch";
				INFOPLIST_FILE = "Trails On a MapTests/Trails On a MapTests-Info.plist";
				PRODUCT_NAME = "$(TARGET_NAME)";
				TEST_HOST = "$(BUNDLE_LOADER)";
				WRAPPER_EXTENSION = xctest;
			};
			name = Release;
		};
/* End XCBuildConfiguration section */

/* Begin XCConfigurationList section */
		AD7BEC75180E22910003187D /* Build configuration list for PBXProject "Trails On a Map" */ = {
			isa = XCConfigurationList;
			buildConfigurations = (
				AD7BECAA180E22910003187D /* Debug */,
				AD7BECAB180E22910003187D /* Release */,
			);
			defaultConfigurationIsVisible = 0;
			defaultConfigurationName = Release;
		};
		AD7BECAC180E22910003187D /* Build configuration list for PBXNativeTarget "Trails On a Map" */ = {
			isa = XCConfigurationList;
			buildConfigurations = (
				AD7BECAD180E22910003187D /* Debug */,
				AD7BECAE180E22910003187D /* Release */,
			);
			defaultConfigurationIsVisible = 0;
			defaultConfigurationName = Release;
		};
		AD7BECAF180E22910003187D /* Build configuration list for PBXNativeTarget "Trails On a MapTests" */ = {
			isa = XCConfigurationList;
			buildConfigurations = (
				AD7BECB0180E22910003187D /* Debug */,
				AD7BECB1180E22910003187D /* Release */,
			);
			defaultConfigurationIsVisible = 0;
			defaultConfigurationName = Release;
		};
/* End XCConfigurationList section */

/* Begin XCVersionGroup section */
		AD7BEC91180E22910003187D /* Trails_On_a_Map.xcdatamodeld */ = {
			isa = XCVersionGroup;
			children = (
				AD7BEC92180E22910003187D /* Trails_On_a_Map.xcdatamodel */,
			);
			currentVersion = AD7BEC92180E22910003187D /* Trails_On_a_Map.xcdatamodel */;
			path = Trails_On_a_Map.xcdatamodeld;
			sourceTree = "<group>";
			versionGroupType = wrapper.xcdatamodel;
		};
/* End XCVersionGroup section */
	};
	rootObject = AD7BEC72180E22910003187D /* Project object */;
}
